
Microsoft Visual Studio Solution File, Format Version 12.00
# Visual Studio Version 17
VisualStudioVersion = 17.4.33205.214
MinimumVisualStudioVersion = 10.0.40219.1
Project("{FAE04EC0-301F-11D3-BF4B-00C04F79EFBC}") = "TestOneDrive", "TestOneDrive\TestOneDrive.csproj", "{544818C2-C95E-4A1B-8712-F40473A5DBF1}"
EndProject
Global
	GlobalSection(SolutionConfigurationPlatforms) = preSolution
		Debug|Any CPU = Debug|Any CPU
		Release|Any CPU = Release|Any CPU
	EndGlobalSection
	GlobalSection(ProjectConfigurationPlatforms) = postSolution
		{544818C2-C95E-4A1B-8712-F40473A5DBF1}.Debug|Any CPU.ActiveCfg = Debug|Any CPU
		{544818C2-C95E-4A1B-8712-F40473A5DBF1}.Debug|Any CPU.Build.0 = Debug|Any CPU
		{544818C2-C95E-4A1B-8712-F40473A5DBF1}.Release|Any CPU.ActiveCfg = Release|Any CPU
		{544818C2-C95E-4A1B-8712-F40473A5DBF1}.Release|Any CPU.Build.0 = Release|Any CPU
	EndGlobalSection
	GlobalSection(SolutionProperties) = preSolution
		HideSolutionNode = FALSE
	EndGlobalSection
	GlobalSection(ExtensibilityGlobals) = postSolution
		SolutionGuid = {0B62E23A-B467-4239-B8C7-EC5D22DE343D}
	EndGlobalSection
EndGlobal
